
Microsoft Visual Studio Solution File, Format Version 12.00
# Visual Studio Version 17
VisualStudioVersion = 17.11.35208.52
MinimumVisualStudioVersion = 10.0.40219.1
Project("{FAE04EC0-301F-11D3-BF4B-00C04F79EFBC}") = "loop", "loop.csproj", "{71AF48D0-1EDA-4E4E-97CD-2D307AF16F78}"
EndProject
Global
	GlobalSection(SolutionConfigurationPlatforms) = preSolution
		Debug|Any CPU = Debug|Any CPU
		Release|Any CPU = Release|Any CPU
	EndGlobalSection
	GlobalSection(ProjectConfigurationPlatforms) = postSolution
		{71AF48D0-1EDA-4E4E-97CD-2D307AF16F78}.Debug|Any CPU.ActiveCfg = Debug|Any CPU
		{71AF48D0-1EDA-4E4E-97CD-2D307AF16F78}.Debug|Any CPU.Build.0 = Debug|Any CPU
		{71AF48D0-1EDA-4E4E-97CD-2D307AF16F78}.Release|Any CPU.ActiveCfg = Release|Any CPU
		{71AF48D0-1EDA-4E4E-97CD-2D307AF16F78}.Release|Any CPU.Build.0 = Release|Any CPU
	EndGlobalSection
	GlobalSection(SolutionProperties) = preSolution
		HideSolutionNode = FALSE
	EndGlobalSection
	GlobalSection(ExtensibilityGlobals) = postSolution
		SolutionGuid = {3CCED7D9-E24A-4542-9E69-17AEBA7CB159}
	EndGlobalSection
EndGlobal
